
Microsoft Visual Studio Solution File, Format Version 12.00
# Visual Studio Version 16
VisualStudioVersion = 16.0.30907.101
MinimumVisualStudioVersion = 10.0.40219.1
Project("{F184B08F-C81C-45F6-A57F-5ABD9991F28F}") = "Sigacor", "Sigacor\Sigacor.vbproj", "{942E7AD6-397C-43D3-BB6B-E69B7AFEA5DE}"
EndProject
Global
	GlobalSection(SolutionConfigurationPlatforms) = preSolution
		Debug|Any CPU = Debug|Any CPU
		Release|Any CPU = Release|Any CPU
	EndGlobalSection
	GlobalSection(ProjectConfigurationPlatforms) = postSolution
		{942E7AD6-397C-43D3-BB6B-E69B7AFEA5DE}.Debug|Any CPU.ActiveCfg = Debug|Any CPU
		{942E7AD6-397C-43D3-BB6B-E69B7AFEA5DE}.Debug|Any CPU.Build.0 = Debug|Any CPU
		{942E7AD6-397C-43D3-BB6B-E69B7AFEA5DE}.Release|Any CPU.ActiveCfg = Release|Any CPU
		{942E7AD6-397C-43D3-BB6B-E69B7AFEA5DE}.Release|Any CPU.Build.0 = Release|Any CPU
	EndGlobalSection
	GlobalSection(SolutionProperties) = preSolution
		HideSolutionNode = FALSE
	EndGlobalSection
	GlobalSection(ExtensibilityGlobals) = postSolution
		SolutionGuid = {84EBC27E-72C5-4235-A6B5-F8FC9ACE0B0F}
	EndGlobalSection
EndGlobal
